// !$*UTF8*$!
{
	archiveVersion = 1;
	classes = {
	};
	objectVersion = 48;
	objects = {

/* Begin PBXBuildFile section */
		0058B2A1205A7EC400641B36 /* NativeCurrencySettingsTableViewController.swift in Sources */ = {isa = PBXBuildFile; fileRef = 0058B2A0205A7EC400641B36 /* NativeCurrencySettingsTableViewController.swift */; };
		00782CCE204992D5005E6A93 /* AppDelegate.swift in Sources */ = {isa = PBXBuildFile; fileRef = 00782CCD204992D5005E6A93 /* AppDelegate.swift */; };
		00782CD3204992D5005E6A93 /* Main.storyboard in Resources */ = {isa = PBXBuildFile; fileRef = 00782CD1204992D5005E6A93 /* Main.storyboard */; };
		00782CD5204992D5005E6A93 /* Assets.xcassets in Resources */ = {isa = PBXBuildFile; fileRef = 00782CD4204992D5005E6A93 /* Assets.xcassets */; };
		00782CD8204992D5005E6A93 /* LaunchScreen.storyboard in Resources */ = {isa = PBXBuildFile; fileRef = 00782CD6204992D5005E6A93 /* LaunchScreen.storyboard */; };
		00782CE32049965A005E6A93 /* TableViewController.swift in Sources */ = {isa = PBXBuildFile; fileRef = 00782CE22049965A005E6A93 /* TableViewController.swift */; };
		00782CED2049AB68005E6A93 /* CustomCurrencyCell.swift in Sources */ = {isa = PBXBuildFile; fileRef = 00782CEB2049AB68005E6A93 /* CustomCurrencyCell.swift */; };
		00782CEE2049AB68005E6A93 /* CustomCurrencyCell.xib in Resources */ = {isa = PBXBuildFile; fileRef = 00782CEC2049AB68005E6A93 /* CustomCurrencyCell.xib */; };
		00782CF02049BBAF005E6A93 /* CurrencyDashboardViewController.swift in Sources */ = {isa = PBXBuildFile; fileRef = 00782CEF2049BBAF005E6A93 /* CurrencyDashboardViewController.swift */; };
		00C7BD6A205E5A5400157FFA /* CurrencyDataModel.swift in Sources */ = {isa = PBXBuildFile; fileRef = 00C7BD69205E5A5400157FFA /* CurrencyDataModel.swift */; };
		34A76EAF4F9CF87737D47286 /* Pods_Crypto_Market.framework in Frameworks */ = {isa = PBXBuildFile; fileRef = 7CE7D31A64BC733B0C87FFCF /* Pods_Crypto_Market.framework */; };
/* End PBXBuildFile section */

/* Begin PBXFileReference section */
		0058B2A0205A7EC400641B36 /* NativeCurrencySettingsTableViewController.swift */ = {isa = PBXFileReference; lastKnownFileType = sourcecode.swift; path = NativeCurrencySettingsTableViewController.swift; sourceTree = "<group>"; };
		00782CCA204992D5005E6A93 /* Crypto Market.app */ = {isa = PBXFileReference; explicitFileType = wrapper.application; includeInIndex = 0; path = "Crypto Market.app"; sourceTree = BUILT_PRODUCTS_DIR; };
		00782CCD204992D5005E6A93 /* AppDelegate.swift */ = {isa = PBXFileReference; lastKnownFileType = sourcecode.swift; path = AppDelegate.swift; sourceTree = "<group>"; };
		00782CD2204992D5005E6A93 /* Base */ = {isa = PBXFileReference; lastKnownFileType = file.storyboard; name = Base; path = Base.lproj/Main.storyboard; sourceTree = "<group>"; };
		00782CD4204992D5005E6A93 /* Assets.xcassets */ = {isa = PBXFileReference; lastKnownFileType = folder.assetcatalog; path = Assets.xcassets; sourceTree = "<group>"; };
		00782CD7204992D5005E6A93 /* Base */ = {isa = PBXFileReference; lastKnownFileType = file.storyboard; name = Base; path = Base.lproj/LaunchScreen.storyboard; sourceTree = "<group>"; };
		00782CD9204992D5005E6A93 /* Info.plist */ = {isa = PBXFileReference; lastKnownFileType = text.plist.xml; path = Info.plist; sourceTree = "<group>"; };
		00782CE22049965A005E6A93 /* TableViewController.swift */ = {isa = PBXFileReference; lastKnownFileType = sourcecode.swift; path = TableViewController.swift; sourceTree = "<group>"; };
		00782CEB2049AB68005E6A93 /* CustomCurrencyCell.swift */ = {isa = PBXFileReference; lastKnownFileType = sourcecode.swift; path = CustomCurrencyCell.swift; sourceTree = "<group>"; };
		00782CEC2049AB68005E6A93 /* CustomCurrencyCell.xib */ = {isa = PBXFileReference; lastKnownFileType = file.xib; path = CustomCurrencyCell.xib; sourceTree = "<group>"; };
		00782CEF2049BBAF005E6A93 /* CurrencyDashboardViewController.swift */ = {isa = PBXFileReference; lastKnownFileType = sourcecode.swift; path = CurrencyDashboardViewController.swift; sourceTree = "<group>"; };
		00C7BD69205E5A5400157FFA /* CurrencyDataModel.swift */ = {isa = PBXFileReference; lastKnownFileType = sourcecode.swift; path = CurrencyDataModel.swift; sourceTree = "<group>"; };
		7CE7D31A64BC733B0C87FFCF /* Pods_Crypto_Market.framework */ = {isa = PBXFileReference; explicitFileType = wrapper.framework; includeInIndex = 0; path = Pods_Crypto_Market.framework; sourceTree = BUILT_PRODUCTS_DIR; };
		B589B3AA6457D0E50625D37C /* Pods-Crypto Market.release.xcconfig */ = {isa = PBXFileReference; includeInIndex = 1; lastKnownFileType = text.xcconfig; name = "Pods-Crypto Market.release.xcconfig"; path = "Pods/Target Support Files/Pods-Crypto Market/Pods-Crypto Market.release.xcconfig"; sourceTree = "<group>"; };
		EA69724FCCA8FF74B4F0E334 /* Pods-Crypto Market.debug.xcconfig */ = {isa = PBXFileReference; includeInIndex = 1; lastKnownFileType = text.xcconfig; name = "Pods-Crypto Market.debug.xcconfig"; path = "Pods/Target Support Files/Pods-Crypto Market/Pods-Crypto Market.debug.xcconfig"; sourceTree = "<group>"; };
/* End PBXFileReference section */

/* Begin PBXFrameworksBuildPhase section */
		00782CC7204992D5005E6A93 /* Frameworks */ = {
			isa = PBXFrameworksBuildPhase;
			buildActionMask = 2147483647;
			files = (
				34A76EAF4F9CF87737D47286 /* Pods_Crypto_Market.framework in Frameworks */,
			);
			runOnlyForDeploymentPostprocessing = 0;
		};
/* End PBXFrameworksBuildPhase section */

/* Begin PBXGroup section */
		00782CC1204992D5005E6A93 = {
			isa = PBXGroup;
			children = (
				00782CCC204992D5005E6A93 /* Crypto Market */,
				00782CCB204992D5005E6A93 /* Products */,
				5F45F0F1863E5B2944AE26D7 /* Pods */,
				7F96FA8E4D9814F1F2B5EF9A /* Frameworks */,
			);
			sourceTree = "<group>";
		};
		00782CCB204992D5005E6A93 /* Products */ = {
			isa = PBXGroup;
			children = (
				00782CCA204992D5005E6A93 /* Crypto Market.app */,
			);
			name = Products;
			sourceTree = "<group>";
		};
		00782CCC204992D5005E6A93 /* Crypto Market */ = {
			isa = PBXGroup;
			children = (
				00782CCD204992D5005E6A93 /* AppDelegate.swift */,
				00C7BD68205E5A3B00157FFA /* Model */,
				00782CDF204992E0005E6A93 /* Controllers */,
				00782CE0204992F3005E6A93 /* Views */,
				00782CE12049930C005E6A93 /* Supporting Files */,
				00782CD9204992D5005E6A93 /* Info.plist */,
			);
			path = "Crypto Market";
			sourceTree = "<group>";
		};
		00782CDF204992E0005E6A93 /* Controllers */ = {
			isa = PBXGroup;
			children = (
				00782CE22049965A005E6A93 /* TableViewController.swift */,
				00782CEF2049BBAF005E6A93 /* CurrencyDashboardViewController.swift */,
				0058B2A0205A7EC400641B36 /* NativeCurrencySettingsTableViewController.swift */,
			);
			path = Controllers;
			sourceTree = "<group>";
		};
		00782CE0204992F3005E6A93 /* Views */ = {
			isa = PBXGroup;
			children = (
				00782CD6204992D5005E6A93 /* LaunchScreen.storyboard */,
				00782CD1204992D5005E6A93 /* Main.storyboard */,
				00782CEA2049AB2C005E6A93 /* Custom Cell */,
			);
			path = Views;
			sourceTree = "<group>";
		};
		00782CE12049930C005E6A93 /* Supporting Files */ = {
			isa = PBXGroup;
			children = (
				00782CD4204992D5005E6A93 /* Assets.xcassets */,
			);
			path = "Supporting Files";
			sourceTree = "<group>";
		};
		00782CEA2049AB2C005E6A93 /* Custom Cell */ = {
			isa = PBXGroup;
			children = (
				00782CEB2049AB68005E6A93 /* CustomCurrencyCell.swift */,
				00782CEC2049AB68005E6A93 /* CustomCurrencyCell.xib */,
			);
			path = "Custom Cell";
			sourceTree = "<group>";
		};
		00C7BD68205E5A3B00157FFA /* Model */ = {
			isa = PBXGroup;
			children = (
				00C7BD69205E5A5400157FFA /* CurrencyDataModel.swift */,
			);
			path = Model;
			sourceTree = "<group>";
		};
		5F45F0F1863E5B2944AE26D7 /* Pods */ = {
			isa = PBXGroup;
			children = (
				EA69724FCCA8FF74B4F0E334 /* Pods-Crypto Market.debug.xcconfig */,
				B589B3AA6457D0E50625D37C /* Pods-Crypto Market.release.xcconfig */,
			);
			name = Pods;
			sourceTree = "<group>";
		};
		7F96FA8E4D9814F1F2B5EF9A /* Frameworks */ = {
			isa = PBXGroup;
			children = (
				7CE7D31A64BC733B0C87FFCF /* Pods_Crypto_Market.framework */,
			);
			name = Frameworks;
			sourceTree = "<group>";
		};
/* End PBXGroup section */

/* Begin PBXNativeTarget section */
		00782CC9204992D5005E6A93 /* Crypto Market */ = {
			isa = PBXNativeTarget;
			buildConfigurationList = 00782CDC204992D5005E6A93 /* Build configuration list for PBXNativeTarget "Crypto Market" */;
			buildPhases = (
				08D024B893B6E7C80A118B3B /* [CP] Check Pods Manifest.lock */,
				00782CC6204992D5005E6A93 /* Sources */,
				00782CC7204992D5005E6A93 /* Frameworks */,
				00782CC8204992D5005E6A93 /* Resources */,
				F2C2E78E7EBAF9E86F5150C5 /* [CP] Embed Pods Frameworks */,
				D510ADD1E221A1F8E5D7BB64 /* [CP] Copy Pods Resources */,
			);
			buildRules = (
			);
			dependencies = (
			);
			name = "Crypto Market";
			productName = "Crypto Market";
			productReference = 00782CCA204992D5005E6A93 /* Crypto Market.app */;
			productType = "com.apple.product-type.application";
		};
/* End PBXNativeTarget section */

/* Begin PBXProject section */
		00782CC2204992D5005E6A93 /* Project object */ = {
			isa = PBXProject;
			attributes = {
				LastSwiftUpdateCheck = 0920;
				LastUpgradeCheck = 0920;
				ORGANIZATIONNAME = "Kévin Leroyer";
				TargetAttributes = {
					00782CC9204992D5005E6A93 = {
						CreatedOnToolsVersion = 9.2;
						ProvisioningStyle = Automatic;
					};
				};
			};
			buildConfigurationList = 00782CC5204992D5005E6A93 /* Build configuration list for PBXProject "Crypto Market" */;
			compatibilityVersion = "Xcode 8.0";
			developmentRegion = en;
			hasScannedForEncodings = 0;
			knownRegions = (
				en,
				Base,
			);
			mainGroup = 00782CC1204992D5005E6A93;
			productRefGroup = 00782CCB204992D5005E6A93 /* Products */;
			projectDirPath = "";
			projectRoot = "";
			targets = (
				00782CC9204992D5005E6A93 /* Crypto Market */,
			);
		};
/* End PBXProject section */

/* Begin PBXResourcesBuildPhase section */
		00782CC8204992D5005E6A93 /* Resources */ = {
			isa = PBXResourcesBuildPhase;
			buildActionMask = 2147483647;
			files = (
				00782CEE2049AB68005E6A93 /* CustomCurrencyCell.xib in Resources */,
				00782CD8204992D5005E6A93 /* LaunchScreen.storyboard in Resources */,
				00782CD5204992D5005E6A93 /* Assets.xcassets in Resources */,
				00782CD3204992D5005E6A93 /* Main.storyboard in Resources */,
			);
			runOnlyForDeploymentPostprocessing = 0;
		};
/* End PBXResourcesBuildPhase section */

/* Begin PBXShellScriptBuildPhase section */
		08D024B893B6E7C80A118B3B /* [CP] Check Pods Manifest.lock */ = {
			isa = PBXShellScriptBuildPhase;
			buildActionMask = 2147483647;
			files = (
			);
			inputPaths = (
				"${PODS_PODFILE_DIR_PATH}/Podfile.lock",
				"${PODS_ROOT}/Manifest.lock",
			);
			name = "[CP] Check Pods Manifest.lock";
			outputPaths = (
				"$(DERIVED_FILE_DIR)/Pods-Crypto Market-checkManifestLockResult.txt",
			);
			runOnlyForDeploymentPostprocessing = 0;
			shellPath = /bin/sh;
			shellScript = "diff \"${PODS_PODFILE_DIR_PATH}/Podfile.lock\" \"${PODS_ROOT}/Manifest.lock\" > /dev/null\nif [ $? != 0 ] ; then\n    # print error to STDERR\n    echo \"error: The sandbox is not in sync with the Podfile.lock. Run 'pod install' or update your CocoaPods installation.\" >&2\n    exit 1\nfi\n# This output is used by Xcode 'outputs' to avoid re-running this script phase.\necho \"SUCCESS\" > \"${SCRIPT_OUTPUT_FILE_0}\"\n";
			showEnvVarsInLog = 0;
		};
		D510ADD1E221A1F8E5D7BB64 /* [CP] Copy Pods Resources */ = {
			isa = PBXShellScriptBuildPhase;
			buildActionMask = 2147483647;
			files = (
			);
			inputPaths = (
			);
			name = "[CP] Copy Pods Resources";
			outputPaths = (
			);
			runOnlyForDeploymentPostprocessing = 0;
			shellPath = /bin/sh;
			shellScript = "\"${SRCROOT}/Pods/Target Support Files/Pods-Crypto Market/Pods-Crypto Market-resources.sh\"\n";
			showEnvVarsInLog = 0;
		};
		F2C2E78E7EBAF9E86F5150C5 /* [CP] Embed Pods Frameworks */ = {
			isa = PBXShellScriptBuildPhase;
			buildActionMask = 2147483647;
			files = (
			);
			inputPaths = (
				"${SRCROOT}/Pods/Target Support Files/Pods-Crypto Market/Pods-Crypto Market-frameworks.sh",
				"${BUILT_PRODUCTS_DIR}/Alamofire/Alamofire.framework",
				"${BUILT_PRODUCTS_DIR}/ProgressHUD/ProgressHUD.framework",
				"${BUILT_PRODUCTS_DIR}/SVProgressHUD/SVProgressHUD.framework",
				"${BUILT_PRODUCTS_DIR}/SwiftChart/SwiftChart.framework",
				"${BUILT_PRODUCTS_DIR}/SwiftyJSON/SwiftyJSON.framework",
			);
			name = "[CP] Embed Pods Frameworks";
			outputPaths = (
				"${TARGET_BUILD_DIR}/${FRAMEWORKS_FOLDER_PATH}/Alamofire.framework",
				"${TARGET_BUILD_DIR}/${FRAMEWORKS_FOLDER_PATH}/ProgressHUD.framework",
				"${TARGET_BUILD_DIR}/${FRAMEWORKS_FOLDER_PATH}/SVProgressHUD.framework",
				"${TARGET_BUILD_DIR}/${FRAMEWORKS_FOLDER_PATH}/SwiftChart.framework",
				"${TARGET_BUILD_DIR}/${FRAMEWORKS_FOLDER_PATH}/SwiftyJSON.framework",
			);
			runOnlyForDeploymentPostprocessing = 0;
			shellPath = /bin/sh;
			shellScript = "\"${SRCROOT}/Pods/Target Support Files/Pods-Crypto Market/Pods-Crypto Market-frameworks.sh\"\n";
			showEnvVarsInLog = 0;
		};
/* End PBXShellScriptBuildPhase section */

/* Begin PBXSourcesBuildPhase section */
		00782CC6204992D5005E6A93 /* Sources */ = {
			isa = PBXSourcesBuildPhase;
			buildActionMask = 2147483647;
			files = (
				00782CCE204992D5005E6A93 /* AppDelegate.swift in Sources */,
				0058B2A1205A7EC400641B36 /* NativeCurrencySettingsTableViewController.swift in Sources */,
				00782CE32049965A005E6A93 /* TableViewController.swift in Sources */,
				00782CF02049BBAF005E6A93 /* CurrencyDashboardViewController.swift in Sources */,
				00C7BD6A205E5A5400157FFA /* CurrencyDataModel.swift in Sources */,
				00782CED2049AB68005E6A93 /* CustomCurrencyCell.swift in Sources */,
			);
			runOnlyForDeploymentPostprocessing = 0;
		};
/* End PBXSourcesBuildPhase section */

/* Begin PBXVariantGroup section */
		00782CD1204992D5005E6A93 /* Main.storyboard */ = {
			isa = PBXVariantGroup;
			children = (
				00782CD2204992D5005E6A93 /* Base */,
			);
			name = Main.storyboard;
			sourceTree = "<group>";
		};
		00782CD6204992D5005E6A93 /* LaunchScreen.storyboard */ = {
			isa = PBXVariantGroup;
			children = (
				00782CD7204992D5005E6A93 /* Base */,
			);
			name = LaunchScreen.storyboard;
			sourceTree = "<group>";
		};
/* End PBXVariantGroup section */

/* Begin XCBuildConfiguration section */
		00782CDA204992D5005E6A93 /* Debug */ = {
			isa = XCBuildConfiguration;
			buildSettings = {
				ALWAYS_SEARCH_USER_PATHS = NO;
				CLANG_ANALYZER_NONNULL = YES;
				CLANG_ANALYZER_NUMBER_OBJECT_CONVERSION = YES_AGGRESSIVE;
				CLANG_CXX_LANGUAGE_STANDARD = "gnu++14";
				CLANG_CXX_LIBRARY = "libc++";
				CLANG_ENABLE_MODULES = YES;
				CLANG_ENABLE_OBJC_ARC = YES;
				CLANG_WARN_BLOCK_CAPTURE_AUTORELEASING = YES;
				CLANG_WARN_BOOL_CONVERSION = YES;
				CLANG_WARN_COMMA = YES;
				CLANG_WARN_CONSTANT_CONVERSION = YES;
				CLANG_WARN_DIRECT_OBJC_ISA_USAGE = YES_ERROR;
				CLANG_WARN_DOCUMENTATION_COMMENTS = YES;
				CLANG_WARN_EMPTY_BODY = YES;
				CLANG_WARN_ENUM_CONVERSION = YES;
				CLANG_WARN_INFINITE_RECURSION = YES;
				CLANG_WARN_INT_CONVERSION = YES;
				CLANG_WARN_NON_LITERAL_NULL_CONVERSION = YES;
				CLANG_WARN_OBJC_LITERAL_CONVERSION = YES;
				CLANG_WARN_OBJC_ROOT_CLASS = YES_ERROR;
				CLANG_WARN_RANGE_LOOP_ANALYSIS = YES;
				CLANG_WARN_STRICT_PROTOTYPES = YES;
				CLANG_WARN_SUSPICIOUS_MOVE = YES;
				CLANG_WARN_UNGUARDED_AVAILABILITY = YES_AGGRESSIVE;
				CLANG_WARN_UNREACHABLE_CODE = YES;
				CLANG_WARN__DUPLICATE_METHOD_MATCH = YES;
				CODE_SIGN_IDENTITY = "iPhone Developer";
				COPY_PHASE_STRIP = NO;
				DEBUG_INFORMATION_FORMAT = dwarf;
				ENABLE_STRICT_OBJC_MSGSEND = YES;
				ENABLE_TESTABILITY = YES;
				GCC_C_LANGUAGE_STANDARD = gnu11;
				GCC_DYNAMIC_NO_PIC = NO;
				GCC_NO_COMMON_BLOCKS = YES;
				GCC_OPTIMIZATION_LEVEL = 0;
				GCC_PREPROCESSOR_DEFINITIONS = (
					"DEBUG=1",
					"$(inherited)",
				);
				GCC_WARN_64_TO_32_BIT_CONVERSION = YES;
				GCC_WARN_ABOUT_RETURN_TYPE = YES_ERROR;
				GCC_WARN_UNDECLARED_SELECTOR = YES;
				GCC_WARN_UNINITIALIZED_AUTOS = YES_AGGRESSIVE;
				GCC_WARN_UNUSED_FUNCTION = YES;
				GCC_WARN_UNUSED_VARIABLE = YES;
				IPHONEOS_DEPLOYMENT_TARGET = 11.2;
				MTL_ENABLE_DEBUG_INFO = YES;
				ONLY_ACTIVE_ARCH = YES;
				SDKROOT = iphoneos;
				SWIFT_ACTIVE_COMPILATION_CONDITIONS = DEBUG;
				SWIFT_OPTIMIZATION_LEVEL = "-Onone";
			};
			name = Debug;
		};
		00782CDB204992D5005E6A93 /* Release */ = {
			isa = XCBuildConfiguration;
			buildSettings = {
				ALWAYS_SEARCH_USER_PATHS = NO;
				CLANG_ANALYZER_NONNULL = YES;
				CLANG_ANALYZER_NUMBER_OBJECT_CONVERSION = YES_AGGRESSIVE;
				CLANG_CXX_LANGUAGE_STANDARD = "gnu++14";
				CLANG_CXX_LIBRARY = "libc++";
				CLANG_ENABLE_MODULES = YES;
				CLANG_ENABLE_OBJC_ARC = YES;
				CLANG_WARN_BLOCK_CAPTURE_AUTORELEASING = YES;
				CLANG_WARN_BOOL_CONVERSION = YES;
				CLANG_WARN_COMMA = YES;
				CLANG_WARN_CONSTANT_CONVERSION = YES;
				CLANG_WARN_DIRECT_OBJC_ISA_USAGE = YES_ERROR;
				CLANG_WARN_DOCUMENTATION_COMMENTS = YES;
				CLANG_WARN_EMPTY_BODY = YES;
				CLANG_WARN_ENUM_CONVERSION = YES;
				CLANG_WARN_INFINITE_RECURSION = YES;
				CLANG_WARN_INT_CONVERSION = YES;
				CLANG_WARN_NON_LITERAL_NULL_CONVERSION = YES;
				CLANG_WARN_OBJC_LITERAL_CONVERSION = YES;
				CLANG_WARN_OBJC_ROOT_CLASS = YES_ERROR;
				CLANG_WARN_RANGE_LOOP_ANALYSIS = YES;
				CLANG_WARN_STRICT_PROTOTYPES = YES;
				CLANG_WARN_SUSPICIOUS_MOVE = YES;
				CLANG_WARN_UNGUARDED_AVAILABILITY = YES_AGGRESSIVE;
				CLANG_WARN_UNREACHABLE_CODE = YES;
				CLANG_WARN__DUPLICATE_METHOD_MATCH = YES;
				CODE_SIGN_IDENTITY = "iPhone Developer";
				COPY_PHASE_STRIP = NO;
				DEBUG_INFORMATION_FORMAT = "dwarf-with-dsym";
				ENABLE_NS_ASSERTIONS = NO;
				ENABLE_STRICT_OBJC_MSGSEND = YES;
				GCC_C_LANGUAGE_STANDARD = gnu11;
				GCC_NO_COMMON_BLOCKS = YES;
				GCC_WARN_64_TO_32_BIT_CONVERSION = YES;
				GCC_WARN_ABOUT_RETURN_TYPE = YES_ERROR;
				GCC_WARN_UNDECLARED_SELECTOR = YES;
				GCC_WARN_UNINITIALIZED_AUTOS = YES_AGGRESSIVE;
				GCC_WARN_UNUSED_FUNCTION = YES;
				GCC_WARN_UNUSED_VARIABLE = YES;
				IPHONEOS_DEPLOYMENT_TARGET = 11.2;
				MTL_ENABLE_DEBUG_INFO = NO;
				SDKROOT = iphoneos;
				SWIFT_OPTIMIZATION_LEVEL = "-Owholemodule";
				VALIDATE_PRODUCT = YES;
			};
			name = Release;
		};
		00782CDD204992D5005E6A93 /* Debug */ = {
			isa = XCBuildConfiguration;
			baseConfigurationReference = EA69724FCCA8FF74B4F0E334 /* Pods-Crypto Market.debug.xcconfig */;
			buildSettings = {
				ASSETCATALOG_COMPILER_APPICON_NAME = AppIcon;
				CODE_SIGN_STYLE = Automatic;
				DEVELOPMENT_TEAM = 6G5M5K3SBP;
				INFOPLIST_FILE = "Crypto Market/Info.plist";
				LD_RUNPATH_SEARCH_PATHS = "$(inherited) @executable_path/Frameworks";
				PRODUCT_BUNDLE_IDENTIFIER = "com.kevinleroyer.Crypto-Market";
				PRODUCT_NAME = "$(TARGET_NAME)";
				SWIFT_VERSION = 4.0;
				TARGETED_DEVICE_FAMILY = "1,2";
			};
			name = Debug;
		};
		00782CDE204992D5005E6A93 /* Release */ = {
			isa = XCBuildConfiguration;
			baseConfigurationReference = B589B3AA6457D0E50625D37C /* Pods-Crypto Market.release.xcconfig */;
			buildSettings = {
				ASSETCATALOG_COMPILER_APPICON_NAME = AppIcon;
				CODE_SIGN_STYLE = Automatic;
				DEVELOPMENT_TEAM = 6G5M5K3SBP;
				INFOPLIST_FILE = "Crypto Market/Info.plist";
				LD_RUNPATH_SEARCH_PATHS = "$(inherited) @executable_path/Frameworks";
				PRODUCT_BUNDLE_IDENTIFIER = "com.kevinleroyer.Crypto-Market";
				PRODUCT_NAME = "$(TARGET_NAME)";
				SWIFT_VERSION = 4.0;
				TARGETED_DEVICE_FAMILY = "1,2";
			};
			name = Release;
		};
/* End XCBuildConfiguration section */

/* Begin XCConfigurationList section */
		00782CC5204992D5005E6A93 /* Build configuration list for PBXProject "Crypto Market" */ = {
			isa = XCConfigurationList;
			buildConfigurations = (
				00782CDA204992D5005E6A93 /* Debug */,
				00782CDB204992D5005E6A93 /* Release */,
			);
			defaultConfigurationIsVisible = 0;
			defaultConfigurationName = Release;
		};
		00782CDC204992D5005E6A93 /* Build configuration list for PBXNativeTarget "Crypto Market" */ = {
			isa = XCConfigurationList;
			buildConfigurations = (
				00782CDD204992D5005E6A93 /* Debug */,
				00782CDE204992D5005E6A93 /* Release */,
			);
			defaultConfigurationIsVisible = 0;
			defaultConfigurationName = Release;
		};
/* End XCConfigurationList section */
	};
	rootObject = 00782CC2204992D5005E6A93 /* Project object */;
}
